
Microsoft Visual Studio Solution File, Format Version 12.00
# Visual Studio Version 17
VisualStudioVersion = 17.4.33205.214
MinimumVisualStudioVersion = 10.0.40219.1
Project("{F184B08F-C81C-45F6-A57F-5ABD9991F28F}") = "week1example", "week1example\week1example.vbproj", "{FFD14945-67B8-426E-A8C8-A4E13B47914F}"
EndProject
Global
	GlobalSection(SolutionConfigurationPlatforms) = preSolution
		Debug|Any CPU = Debug|Any CPU
		Release|Any CPU = Release|Any CPU
	EndGlobalSection
	GlobalSection(ProjectConfigurationPlatforms) = postSolution
		{FFD14945-67B8-426E-A8C8-A4E13B47914F}.Debug|Any CPU.ActiveCfg = Debug|Any CPU
		{FFD14945-67B8-426E-A8C8-A4E13B47914F}.Debug|Any CPU.Build.0 = Debug|Any CPU
		{FFD14945-67B8-426E-A8C8-A4E13B47914F}.Release|Any CPU.ActiveCfg = Release|Any CPU
		{FFD14945-67B8-426E-A8C8-A4E13B47914F}.Release|Any CPU.Build.0 = Release|Any CPU
	EndGlobalSection
	GlobalSection(SolutionProperties) = preSolution
		HideSolutionNode = FALSE
	EndGlobalSection
	GlobalSection(ExtensibilityGlobals) = postSolution
		SolutionGuid = {DA39AD04-787C-406D-BA5D-19F121F29C96}
	EndGlobalSection
EndGlobal
